// !$*UTF8*$!
{
	archiveVersion = 1;
	classes = {
	};
	objectVersion = 46;
	objects = {

/* Begin PBXBuildFile section */
		357CF7431E0A657F00DED5DA /* main.m in Sources */ = {isa = PBXBuildFile; fileRef = 357CF7421E0A657F00DED5DA /* main.m */; };
		357CF7461E0A657F00DED5DA /* AppDelegate.m in Sources */ = {isa = PBXBuildFile; fileRef = 357CF7451E0A657F00DED5DA /* AppDelegate.m */; };
		357CF7491E0A657F00DED5DA /* ViewController.m in Sources */ = {isa = PBXBuildFile; fileRef = 357CF7481E0A657F00DED5DA /* ViewController.m */; };
		357CF74C1E0A657F00DED5DA /* Main.storyboard in Resources */ = {isa = PBXBuildFile; fileRef = 357CF74A1E0A657F00DED5DA /* Main.storyboard */; };
		357CF74F1E0A657F00DED5DA /* CAEmitterLayerDemo.xcdatamodeld in Sources */ = {isa = PBXBuildFile; fileRef = 357CF74D1E0A657F00DED5DA /* CAEmitterLayerDemo.xcdatamodeld */; };
		357CF7511E0A657F00DED5DA /* Assets.xcassets in Resources */ = {isa = PBXBuildFile; fileRef = 357CF7501E0A657F00DED5DA /* Assets.xcassets */; };
		357CF7541E0A657F00DED5DA /* LaunchScreen.storyboard in Resources */ = {isa = PBXBuildFile; fileRef = 357CF7521E0A657F00DED5DA /* LaunchScreen.storyboard */; };
		357CF75F1E0A657F00DED5DA /* CAEmitterLayerDemoTests.m in Sources */ = {isa = PBXBuildFile; fileRef = 357CF75E1E0A657F00DED5DA /* CAEmitterLayerDemoTests.m */; };
		357CF76A1E0A657F00DED5DA /* CAEmitterLayerDemoUITests.m in Sources */ = {isa = PBXBuildFile; fileRef = 357CF7691E0A657F00DED5DA /* CAEmitterLayerDemoUITests.m */; };
/* End PBXBuildFile section */

/* Begin PBXContainerItemProxy section */
		357CF75B1E0A657F00DED5DA /* PBXContainerItemProxy */ = {
			isa = PBXContainerItemProxy;
			containerPortal = 357CF7361E0A657F00DED5DA /* Project object */;
			proxyType = 1;
			remoteGlobalIDString = 357CF73D1E0A657F00DED5DA;
			remoteInfo = CAEmitterLayerDemo;
		};
		357CF7661E0A657F00DED5DA /* PBXContainerItemProxy */ = {
			isa = PBXContainerItemProxy;
			containerPortal = 357CF7361E0A657F00DED5DA /* Project object */;
			proxyType = 1;
			remoteGlobalIDString = 357CF73D1E0A657F00DED5DA;
			remoteInfo = CAEmitterLayerDemo;
		};
/* End PBXContainerItemProxy section */

/* Begin PBXFileReference section */
		357CF73E1E0A657F00DED5DA /* CAEmitterLayerDemo.app */ = {isa = PBXFileReference; explicitFileType = wrapper.application; includeInIndex = 0; path = CAEmitterLayerDemo.app; sourceTree = BUILT_PRODUCTS_DIR; };
		357CF7421E0A657F00DED5DA /* main.m */ = {isa = PBXFileReference; lastKnownFileType = sourcecode.c.objc; path = main.m; sourceTree = "<group>"; };
		357CF7441E0A657F00DED5DA /* AppDelegate.h */ = {isa = PBXFileReference; lastKnownFileType = sourcecode.c.h; path = AppDelegate.h; sourceTree = "<group>"; };
		357CF7451E0A657F00DED5DA /* AppDelegate.m */ = {isa = PBXFileReference; lastKnownFileType = sourcecode.c.objc; path = AppDelegate.m; sourceTree = "<group>"; };
		357CF7471E0A657F00DED5DA /* ViewController.h */ = {isa = PBXFileReference; lastKnownFileType = sourcecode.c.h; path = ViewController.h; sourceTree = "<group>"; };
		357CF7481E0A657F00DED5DA /* ViewController.m */ = {isa = PBXFileReference; lastKnownFileType = sourcecode.c.objc; path = ViewController.m; sourceTree = "<group>"; };
		357CF74B1E0A657F00DED5DA /* Base */ = {isa = PBXFileReference; lastKnownFileType = file.storyboard; name = Base; path = Base.lproj/Main.storyboard; sourceTree = "<group>"; };
		357CF74E1E0A657F00DED5DA /* CAEmitterLayerDemo.xcdatamodel */ = {isa = PBXFileReference; lastKnownFileType = wrapper.xcdatamodel; path = CAEmitterLayerDemo.xcdatamodel; sourceTree = "<group>"; };
		357CF7501E0A657F00DED5DA /* Assets.xcassets */ = {isa = PBXFileReference; lastKnownFileType = folder.assetcatalog; path = Assets.xcassets; sourceTree = "<group>"; };
		357CF7531E0A657F00DED5DA /* Base */ = {isa = PBXFileReference; lastKnownFileType = file.storyboard; name = Base; path = Base.lproj/LaunchScreen.storyboard; sourceTree = "<group>"; };
		357CF7551E0A657F00DED5DA /* Info.plist */ = {isa = PBXFileReference; lastKnownFileType = text.plist.xml; path = Info.plist; sourceTree = "<group>"; };
		357CF75A1E0A657F00DED5DA /* CAEmitterLayerDemoTests.xctest */ = {isa = PBXFileReference; explicitFileType = wrapper.cfbundle; includeInIndex = 0; path = CAEmitterLayerDemoTests.xctest; sourceTree = BUILT_PRODUCTS_DIR; };
		357CF75E1E0A657F00DED5DA /* CAEmitterLayerDemoTests.m */ = {isa = PBXFileReference; lastKnownFileType = sourcecode.c.objc; path = CAEmitterLayerDemoTests.m; sourceTree = "<group>"; };
		357CF7601E0A657F00DED5DA /* Info.plist */ = {isa = PBXFileReference; lastKnownFileType = text.plist.xml; path = Info.plist; sourceTree = "<group>"; };
		357CF7651E0A657F00DED5DA /* CAEmitterLayerDemoUITests.xctest */ = {isa = PBXFileReference; explicitFileType = wrapper.cfbundle; includeInIndex = 0; path = CAEmitterLayerDemoUITests.xctest; sourceTree = BUILT_PRODUCTS_DIR; };
		357CF7691E0A657F00DED5DA /* CAEmitterLayerDemoUITests.m */ = {isa = PBXFileReference; lastKnownFileType = sourcecode.c.objc; path = CAEmitterLayerDemoUITests.m; sourceTree = "<group>"; };
		357CF76B1E0A657F00DED5DA /* Info.plist */ = {isa = PBXFileReference; lastKnownFileType = text.plist.xml; path = Info.plist; sourceTree = "<group>"; };
/* End PBXFileReference section */

/* Begin PBXFrameworksBuildPhase section */
		357CF73B1E0A657F00DED5DA /* Frameworks */ = {
			isa = PBXFrameworksBuildPhase;
			buildActionMask = 2147483647;
			files = (
			);
			runOnlyForDeploymentPostprocessing = 0;
		};
		357CF7571E0A657F00DED5DA /* Frameworks */ = {
			isa = PBXFrameworksBuildPhase;
			buildActionMask = 2147483647;
			files = (
			);
			runOnlyForDeploymentPostprocessing = 0;
		};
		357CF7621E0A657F00DED5DA /* Frameworks */ = {
			isa = PBXFrameworksBuildPhase;
			buildActionMask = 2147483647;
			files = (
			);
			runOnlyForDeploymentPostprocessing = 0;
		};
/* End PBXFrameworksBuildPhase section */

/* Begin PBXGroup section */
		357CF7351E0A657F00DED5DA = {
			isa = PBXGroup;
			children = (
				357CF7401E0A657F00DED5DA /* CAEmitterLayerDemo */,
				357CF75D1E0A657F00DED5DA /* CAEmitterLayerDemoTests */,
				357CF7681E0A657F00DED5DA /* CAEmitterLayerDemoUITests */,
				357CF73F1E0A657F00DED5DA /* Products */,
			);
			sourceTree = "<group>";
		};
		357CF73F1E0A657F00DED5DA /* Products */ = {
			isa = PBXGroup;
			children = (
				357CF73E1E0A657F00DED5DA /* CAEmitterLayerDemo.app */,
				357CF75A1E0A657F00DED5DA /* CAEmitterLayerDemoTests.xctest */,
				357CF7651E0A657F00DED5DA /* CAEmitterLayerDemoUITests.xctest */,
			);
			name = Products;
			sourceTree = "<group>";
		};
		357CF7401E0A657F00DED5DA /* CAEmitterLayerDemo */ = {
			isa = PBXGroup;
			children = (
				357CF7441E0A657F00DED5DA /* AppDelegate.h */,
				357CF7451E0A657F00DED5DA /* AppDelegate.m */,
				357CF7471E0A657F00DED5DA /* ViewController.h */,
				357CF7481E0A657F00DED5DA /* ViewController.m */,
				357CF74A1E0A657F00DED5DA /* Main.storyboard */,
				357CF7501E0A657F00DED5DA /* Assets.xcassets */,
				357CF7521E0A657F00DED5DA /* LaunchScreen.storyboard */,
				357CF7551E0A657F00DED5DA /* Info.plist */,
				357CF74D1E0A657F00DED5DA /* CAEmitterLayerDemo.xcdatamodeld */,
				357CF7411E0A657F00DED5DA /* Supporting Files */,
			);
			path = CAEmitterLayerDemo;
			sourceTree = "<group>";
		};
		357CF7411E0A657F00DED5DA /* Supporting Files */ = {
			isa = PBXGroup;
			children = (
				357CF7421E0A657F00DED5DA /* main.m */,
			);
			name = "Supporting Files";
			sourceTree = "<group>";
		};
		357CF75D1E0A657F00DED5DA /* CAEmitterLayerDemoTests */ = {
			isa = PBXGroup;
			children = (
				357CF75E1E0A657F00DED5DA /* CAEmitterLayerDemoTests.m */,
				357CF7601E0A657F00DED5DA /* Info.plist */,
			);
			path = CAEmitterLayerDemoTests;
			sourceTree = "<group>";
		};
		357CF7681E0A657F00DED5DA /* CAEmitterLayerDemoUITests */ = {
			isa = PBXGroup;
			children = (
				357CF7691E0A657F00DED5DA /* CAEmitterLayerDemoUITests.m */,
				357CF76B1E0A657F00DED5DA /* Info.plist */,
			);
			path = CAEmitterLayerDemoUITests;
			sourceTree = "<group>";
		};
/* End PBXGroup section */

/* Begin PBXNativeTarget section */
		357CF73D1E0A657F00DED5DA /* CAEmitterLayerDemo */ = {
			isa = PBXNativeTarget;
			buildConfigurationList = 357CF76E1E0A657F00DED5DA /* Build configuration list for PBXNativeTarget "CAEmitterLayerDemo" */;
			buildPhases = (
				357CF73A1E0A657F00DED5DA /* Sources */,
				357CF73B1E0A657F00DED5DA /* Frameworks */,
				357CF73C1E0A657F00DED5DA /* Resources */,
			);
			buildRules = (
			);
			dependencies = (
			);
			name = CAEmitterLayerDemo;
			productName = CAEmitterLayerDemo;
			productReference = 357CF73E1E0A657F00DED5DA /* CAEmitterLayerDemo.app */;
			productType = "com.apple.product-type.application";
		};
		357CF7591E0A657F00DED5DA /* CAEmitterLayerDemoTests */ = {
			isa = PBXNativeTarget;
			buildConfigurationList = 357CF7711E0A657F00DED5DA /* Build configuration list for PBXNativeTarget "CAEmitterLayerDemoTests" */;
			buildPhases = (
				357CF7561E0A657F00DED5DA /* Sources */,
				357CF7571E0A657F00DED5DA /* Frameworks */,
				357CF7581E0A657F00DED5DA /* Resources */,
			);
			buildRules = (
			);
			dependencies = (
				357CF75C1E0A657F00DED5DA /* PBXTargetDependency */,
			);
			name = CAEmitterLayerDemoTests;
			productName = CAEmitterLayerDemoTests;
			productReference = 357CF75A1E0A657F00DED5DA /* CAEmitterLayerDemoTests.xctest */;
			productType = "com.apple.product-type.bundle.unit-test";
		};
		357CF7641E0A657F00DED5DA /* CAEmitterLayerDemoUITests */ = {
			isa = PBXNativeTarget;
			buildConfigurationList = 357CF7741E0A657F00DED5DA /* Build configuration list for PBXNativeTarget "CAEmitterLayerDemoUITests" */;
			buildPhases = (
				357CF7611E0A657F00DED5DA /* Sources */,
				357CF7621E0A657F00DED5DA /* Frameworks */,
				357CF7631E0A657F00DED5DA /* Resources */,
			);
			buildRules = (
			);
			dependencies = (
				357CF7671E0A657F00DED5DA /* PBXTargetDependency */,
			);
			name = CAEmitterLayerDemoUITests;
			productName = CAEmitterLayerDemoUITests;
			productReference = 357CF7651E0A657F00DED5DA /* CAEmitterLayerDemoUITests.xctest */;
			productType = "com.apple.product-type.bundle.ui-testing";
		};
/* End PBXNativeTarget section */

/* Begin PBXProject section */
		357CF7361E0A657F00DED5DA /* Project object */ = {
			isa = PBXProject;
			attributes = {
				LastUpgradeCheck = 0800;
				ORGANIZATIONNAME = Crystal;
				TargetAttributes = {
					357CF73D1E0A657F00DED5DA = {
						CreatedOnToolsVersion = 8.0;
						DevelopmentTeam = BV3V52EF3A;
						ProvisioningStyle = Automatic;
					};
					357CF7591E0A657F00DED5DA = {
						CreatedOnToolsVersion = 8.0;
						DevelopmentTeam = BV3V52EF3A;
						ProvisioningStyle = Automatic;
						TestTargetID = 357CF73D1E0A657F00DED5DA;
					};
					357CF7641E0A657F00DED5DA = {
						CreatedOnToolsVersion = 8.0;
						DevelopmentTeam = BV3V52EF3A;
						ProvisioningStyle = Automatic;
						TestTargetID = 357CF73D1E0A657F00DED5DA;
					};
				};
			};
			buildConfigurationList = 357CF7391E0A657F00DED5DA /* Build configuration list for PBXProject "CAEmitterLayerDemo" */;
			compatibilityVersion = "Xcode 3.2";
			developmentRegion = English;
			hasScannedForEncodings = 0;
			knownRegions = (
				en,
				Base,
			);
			mainGroup = 357CF7351E0A657F00DED5DA;
			productRefGroup = 357CF73F1E0A657F00DED5DA /* Products */;
			projectDirPath = "";
			projectRoot = "";
			targets = (
				357CF73D1E0A657F00DED5DA /* CAEmitterLayerDemo */,
				357CF7591E0A657F00DED5DA /* CAEmitterLayerDemoTests */,
				357CF7641E0A657F00DED5DA /* CAEmitterLayerDemoUITests */,
			);
		};
/* End PBXProject section */

/* Begin PBXResourcesBuildPhase section */
		357CF73C1E0A657F00DED5DA /* Resources */ = {
			isa = PBXResourcesBuildPhase;
			buildActionMask = 2147483647;
			files = (
				357CF7541E0A657F00DED5DA /* LaunchScreen.storyboard in Resources */,
				357CF7511E0A657F00DED5DA /* Assets.xcassets in Resources */,
				357CF74C1E0A657F00DED5DA /* Main.storyboard in Resources */,
			);
			runOnlyForDeploymentPostprocessing = 0;
		};
		357CF7581E0A657F00DED5DA /* Resources */ = {
			isa = PBXResourcesBuildPhase;
			buildActionMask = 2147483647;
			files = (
			);
			runOnlyForDeploymentPostprocessing = 0;
		};
		357CF7631E0A657F00DED5DA /* Resources */ = {
			isa = PBXResourcesBuildPhase;
			buildActionMask = 2147483647;
			files = (
			);
			runOnlyForDeploymentPostprocessing = 0;
		};
/* End PBXResourcesBuildPhase section */

/* Begin PBXSourcesBuildPhase section */
		357CF73A1E0A657F00DED5DA /* Sources */ = {
			isa = PBXSourcesBuildPhase;
			buildActionMask = 2147483647;
			files = (
				357CF7491E0A657F00DED5DA /* ViewController.m in Sources */,
				357CF7461E0A657F00DED5DA /* AppDelegate.m in Sources */,
				357CF7431E0A657F00DED5DA /* main.m in Sources */,
				357CF74F1E0A657F00DED5DA /* CAEmitterLayerDemo.xcdatamodeld in Sources */,
			);
			runOnlyForDeploymentPostprocessing = 0;
		};
		357CF7561E0A657F00DED5DA /* Sources */ = {
			isa = PBXSourcesBuildPhase;
			buildActionMask = 2147483647;
			files = (
				357CF75F1E0A657F00DED5DA /* CAEmitterLayerDemoTests.m in Sources */,
			);
			runOnlyForDeploymentPostprocessing = 0;
		};
		357CF7611E0A657F00DED5DA /* Sources */ = {
			isa = PBXSourcesBuildPhase;
			buildActionMask = 2147483647;
			files = (
				357CF76A1E0A657F00DED5DA /* CAEmitterLayerDemoUITests.m in Sources */,
			);
			runOnlyForDeploymentPostprocessing = 0;
		};
/* End PBXSourcesBuildPhase section */

/* Begin PBXTargetDependency section */
		357CF75C1E0A657F00DED5DA /* PBXTargetDependency */ = {
			isa = PBXTargetDependency;
			target = 357CF73D1E0A657F00DED5DA /* CAEmitterLayerDemo */;
			targetProxy = 357CF75B1E0A657F00DED5DA /* PBXContainerItemProxy */;
		};
		357CF7671E0A657F00DED5DA /* PBXTargetDependency */ = {
			isa = PBXTargetDependency;
			target = 357CF73D1E0A657F00DED5DA /* CAEmitterLayerDemo */;
			targetProxy = 357CF7661E0A657F00DED5DA /* PBXContainerItemProxy */;
		};
/* End PBXTargetDependency section */

/* Begin PBXVariantGroup section */
		357CF74A1E0A657F00DED5DA /* Main.storyboard */ = {
			isa = PBXVariantGroup;
			children = (
				357CF74B1E0A657F00DED5DA /* Base */,
			);
			name = Main.storyboard;
			sourceTree = "<group>";
		};
		357CF7521E0A657F00DED5DA /* LaunchScreen.storyboard */ = {
			isa = PBXVariantGroup;
			children = (
				357CF7531E0A657F00DED5DA /* Base */,
			);
			name = LaunchScreen.storyboard;
			sourceTree = "<group>";
		};
/* End PBXVariantGroup section */

/* Begin XCBuildConfiguration section */
		357CF76C1E0A657F00DED5DA /* Debug */ = {
			isa = XCBuildConfiguration;
			buildSettings = {
				ALWAYS_SEARCH_USER_PATHS = NO;
				CLANG_ANALYZER_NONNULL = YES;
				CLANG_CXX_LANGUAGE_STANDARD = "gnu++0x";
				CLANG_CXX_LIBRARY = "libc++";
				CLANG_ENABLE_MODULES = YES;
				CLANG_ENABLE_OBJC_ARC = YES;
				CLANG_WARN_BOOL_CONVERSION = YES;
				CLANG_WARN_CONSTANT_CONVERSION = YES;
				CLANG_WARN_DIRECT_OBJC_ISA_USAGE = YES_ERROR;
				CLANG_WARN_DOCUMENTATION_COMMENTS = YES;
				CLANG_WARN_EMPTY_BODY = YES;
				CLANG_WARN_ENUM_CONVERSION = YES;
				CLANG_WARN_INFINITE_RECURSION = YES;
				CLANG_WARN_INT_CONVERSION = YES;
				CLANG_WARN_OBJC_ROOT_CLASS = YES_ERROR;
				CLANG_WARN_SUSPICIOUS_MOVES = YES;
				CLANG_WARN_UNREACHABLE_CODE = YES;
				CLANG_WARN__DUPLICATE_METHOD_MATCH = YES;
				"CODE_SIGN_IDENTITY[sdk=iphoneos*]" = "iPhone Developer";
				COPY_PHASE_STRIP = NO;
				DEBUG_INFORMATION_FORMAT = dwarf;
				ENABLE_STRICT_OBJC_MSGSEND = YES;
				ENABLE_TESTABILITY = YES;
				GCC_C_LANGUAGE_STANDARD = gnu99;
				GCC_DYNAMIC_NO_PIC = NO;
				GCC_NO_COMMON_BLOCKS = YES;
				GCC_OPTIMIZATION_LEVEL = 0;
				GCC_PREPROCESSOR_DEFINITIONS = (
					"DEBUG=1",
					"$(inherited)",
				);
				GCC_WARN_64_TO_32_BIT_CONVERSION = YES;
				GCC_WARN_ABOUT_RETURN_TYPE = YES_ERROR;
				GCC_WARN_UNDECLARED_SELECTOR = YES;
				GCC_WARN_UNINITIALIZED_AUTOS = YES_AGGRESSIVE;
				GCC_WARN_UNUSED_FUNCTION = YES;
				GCC_WARN_UNUSED_VARIABLE = YES;
				IPHONEOS_DEPLOYMENT_TARGET = 10.0;
				MTL_ENABLE_DEBUG_INFO = YES;
				ONLY_ACTIVE_ARCH = YES;
				SDKROOT = iphoneos;
				TARGETED_DEVICE_FAMILY = "1,2";
			};
			name = Debug;
		};
		357CF76D1E0A657F00DED5DA /* Release */ = {
			isa = XCBuildConfiguration;
			buildSettings = {
				ALWAYS_SEARCH_USER_PATHS = NO;
				CLANG_ANALYZER_NONNULL = YES;
				CLANG_CXX_LANGUAGE_STANDARD = "gnu++0x";
				CLANG_CXX_LIBRARY = "libc++";
				CLANG_ENABLE_MODULES = YES;
				CLANG_ENABLE_OBJC_ARC = YES;
				CLANG_WARN_BOOL_CONVERSION = YES;
				CLANG_WARN_CONSTANT_CONVERSION = YES;
				CLANG_WARN_DIRECT_OBJC_ISA_USAGE = YES_ERROR;
				CLANG_WARN_DOCUMENTATION_COMMENTS = YES;
				CLANG_WARN_EMPTY_BODY = YES;
				CLANG_WARN_ENUM_CONVERSION = YES;
				CLANG_WARN_INFINITE_RECURSION = YES;
				CLANG_WARN_INT_CONVERSION = YES;
				CLANG_WARN_OBJC_ROOT_CLASS = YES_ERROR;
				CLANG_WARN_SUSPICIOUS_MOVES = YES;
				CLANG_WARN_UNREACHABLE_CODE = YES;
				CLANG_WARN__DUPLICATE_METHOD_MATCH = YES;
				"CODE_SIGN_IDENTITY[sdk=iphoneos*]" = "iPhone Developer";
				COPY_PHASE_STRIP = NO;
				DEBUG_INFORMATION_FORMAT = "dwarf-with-dsym";
				ENABLE_NS_ASSERTIONS = NO;
				ENABLE_STRICT_OBJC_MSGSEND = YES;
				GCC_C_LANGUAGE_STANDARD = gnu99;
				GCC_NO_COMMON_BLOCKS = YES;
				GCC_WARN_64_TO_32_BIT_CONVERSION = YES;
				GCC_WARN_ABOUT_RETURN_TYPE = YES_ERROR;
				GCC_WARN_UNDECLARED_SELECTOR = YES;
				GCC_WARN_UNINITIALIZED_AUTOS = YES_AGGRESSIVE;
				GCC_WARN_UNUSED_FUNCTION = YES;
				GCC_WARN_UNUSED_VARIABLE = YES;
				IPHONEOS_DEPLOYMENT_TARGET = 10.0;
				MTL_ENABLE_DEBUG_INFO = NO;
				SDKROOT = iphoneos;
				TARGETED_DEVICE_FAMILY = "1,2";
				VALIDATE_PRODUCT = YES;
			};
			name = Release;
		};
		357CF76F1E0A657F00DED5DA /* Debug */ = {
			isa = XCBuildConfiguration;
			buildSettings = {
				ASSETCATALOG_COMPILER_APPICON_NAME = AppIcon;
				DEVELOPMENT_TEAM = BV3V52EF3A;
				INFOPLIST_FILE = CAEmitterLayerDemo/Info.plist;
				LD_RUNPATH_SEARCH_PATHS = "$(inherited) @executable_path/Frameworks";
				PRODUCT_BUNDLE_IDENTIFIER = shinetechChina.CAEmitterLayerDemo;
				PRODUCT_NAME = "$(TARGET_NAME)";
			};
			name = Debug;
		};
		357CF7701E0A657F00DED5DA /* Release */ = {
			isa = XCBuildConfiguration;
			buildSettings = {
				ASSETCATALOG_COMPILER_APPICON_NAME = AppIcon;
				DEVELOPMENT_TEAM = BV3V52EF3A;
				INFOPLIST_FILE = CAEmitterLayerDemo/Info.plist;
				LD_RUNPATH_SEARCH_PATHS = "$(inherited) @executable_path/Frameworks";
				PRODUCT_BUNDLE_IDENTIFIER = shinetechChina.CAEmitterLayerDemo;
				PRODUCT_NAME = "$(TARGET_NAME)";
			};
			name = Release;
		};
		357CF7721E0A657F00DED5DA /* Debug */ = {
			isa = XCBuildConfiguration;
			buildSettings = {
				BUNDLE_LOADER = "$(TEST_HOST)";
				DEVELOPMENT_TEAM = BV3V52EF3A;
				INFOPLIST_FILE = CAEmitterLayerDemoTests/Info.plist;
				LD_RUNPATH_SEARCH_PATHS = "$(inherited) @executable_path/Frameworks @loader_path/Frameworks";
				PRODUCT_BUNDLE_IDENTIFIER = shinetechChina.CAEmitterLayerDemoTests;
				PRODUCT_NAME = "$(TARGET_NAME)";
				TEST_HOST = "$(BUILT_PRODUCTS_DIR)/CAEmitterLayerDemo.app/CAEmitterLayerDemo";
			};
			name = Debug;
		};
		357CF7731E0A657F00DED5DA /* Release */ = {
			isa = XCBuildConfiguration;
			buildSettings = {
				BUNDLE_LOADER = "$(TEST_HOST)";
				DEVELOPMENT_TEAM = BV3V52EF3A;
				INFOPLIST_FILE = CAEmitterLayerDemoTests/Info.plist;
				LD_RUNPATH_SEARCH_PATHS = "$(inherited) @executable_path/Frameworks @loader_path/Frameworks";
				PRODUCT_BUNDLE_IDENTIFIER = shinetechChina.CAEmitterLayerDemoTests;
				PRODUCT_NAME = "$(TARGET_NAME)";
				TEST_HOST = "$(BUILT_PRODUCTS_DIR)/CAEmitterLayerDemo.app/CAEmitterLayerDemo";
			};
			name = Release;
		};
		357CF7751E0A657F00DED5DA /* Debug */ = {
			isa = XCBuildConfiguration;
			buildSettings = {
				DEVELOPMENT_TEAM = BV3V52EF3A;
				INFOPLIST_FILE = CAEmitterLayerDemoUITests/Info.plist;
				LD_RUNPATH_SEARCH_PATHS = "$(inherited) @executable_path/Frameworks @loader_path/Frameworks";
				PRODUCT_BUNDLE_IDENTIFIER = shinetechChina.CAEmitterLayerDemoUITests;
				PRODUCT_NAME = "$(TARGET_NAME)";
				TEST_TARGET_NAME = CAEmitterLayerDemo;
			};
			name = Debug;
		};
		357CF7761E0A657F00DED5DA /* Release */ = {
			isa = XCBuildConfiguration;
			buildSettings = {
				DEVELOPMENT_TEAM = BV3V52EF3A;
				INFOPLIST_FILE = CAEmitterLayerDemoUITests/Info.plist;
				LD_RUNPATH_SEARCH_PATHS = "$(inherited) @executable_path/Frameworks @loader_path/Frameworks";
				PRODUCT_BUNDLE_IDENTIFIER = shinetechChina.CAEmitterLayerDemoUITests;
				PRODUCT_NAME = "$(TARGET_NAME)";
				TEST_TARGET_NAME = CAEmitterLayerDemo;
			};
			name = Release;
		};
/* End XCBuildConfiguration section */

/* Begin XCConfigurationList section */
		357CF7391E0A657F00DED5DA /* Build configuration list for PBXProject "CAEmitterLayerDemo" */ = {
			isa = XCConfigurationList;
			buildConfigurations = (
				357CF76C1E0A657F00DED5DA /* Debug */,
				357CF76D1E0A657F00DED5DA /* Release */,
			);
			defaultConfigurationIsVisible = 0;
			defaultConfigurationName = Release;
		};
		357CF76E1E0A657F00DED5DA /* Build configuration list for PBXNativeTarget "CAEmitterLayerDemo" */ = {
			isa = XCConfigurationList;
			buildConfigurations = (
				357CF76F1E0A657F00DED5DA /* Debug */,
				357CF7701E0A657F00DED5DA /* Release */,
			);
			defaultConfigurationIsVisible = 0;
		};
		357CF7711E0A657F00DED5DA /* Build configuration list for PBXNativeTarget "CAEmitterLayerDemoTests" */ = {
			isa = XCConfigurationList;
			buildConfigurations = (
				357CF7721E0A657F00DED5DA /* Debug */,
				357CF7731E0A657F00DED5DA /* Release */,
			);
			defaultConfigurationIsVisible = 0;
		};
		357CF7741E0A657F00DED5DA /* Build configuration list for PBXNativeTarget "CAEmitterLayerDemoUITests" */ = {
			isa = XCConfigurationList;
			buildConfigurations = (
				357CF7751E0A657F00DED5DA /* Debug */,
				357CF7761E0A657F00DED5DA /* Release */,
			);
			defaultConfigurationIsVisible = 0;
		};
/* End XCConfigurationList section */

/* Begin XCVersionGroup section */
		357CF74D1E0A657F00DED5DA /* CAEmitterLayerDemo.xcdatamodeld */ = {
			isa = XCVersionGroup;
			children = (
				357CF74E1E0A657F00DED5DA /* CAEmitterLayerDemo.xcdatamodel */,
			);
			currentVersion = 357CF74E1E0A657F00DED5DA /* CAEmitterLayerDemo.xcdatamodel */;
			path = CAEmitterLayerDemo.xcdatamodeld;
			sourceTree = "<group>";
			versionGroupType = wrapper.xcdatamodel;
		};
/* End XCVersionGroup section */
	};
	rootObject = 357CF7361E0A657F00DED5DA /* Project object */;
}
